// !$*UTF8*$!
{
	archiveVersion = 1;
	classes = {
	};
	objectVersion = 50;
	objects = {

/* Begin PBXBuildFile section */
		9569A44F266FFE8D00E94D86 /* PersonsListTableViewController.swift in Sources */ = {isa = PBXBuildFile; fileRef = 9569A44E266FFE8D00E94D86 /* PersonsListTableViewController.swift */; };
		9569A4522670066300E94D86 /* Person.swift in Sources */ = {isa = PBXBuildFile; fileRef = 9569A4512670066300E94D86 /* Person.swift */; };
		9569A4552670083A00E94D86 /* PersonsList2TableViewController.swift in Sources */ = {isa = PBXBuildFile; fileRef = 9569A4542670083A00E94D86 /* PersonsList2TableViewController.swift */; };
		9569A45A2670B48000E94D86 /* AboutPersonViewController.swift in Sources */ = {isa = PBXBuildFile; fileRef = 9569A4592670B48000E94D86 /* AboutPersonViewController.swift */; };
		958BF824266FEFB900FE09AC /* AppDelegate.swift in Sources */ = {isa = PBXBuildFile; fileRef = 958BF823266FEFB900FE09AC /* AppDelegate.swift */; };
		958BF826266FEFB900FE09AC /* SceneDelegate.swift in Sources */ = {isa = PBXBuildFile; fileRef = 958BF825266FEFB900FE09AC /* SceneDelegate.swift */; };
		958BF82B266FEFB900FE09AC /* Main.storyboard in Resources */ = {isa = PBXBuildFile; fileRef = 958BF829266FEFB900FE09AC /* Main.storyboard */; };
		958BF82D266FEFBA00FE09AC /* Assets.xcassets in Resources */ = {isa = PBXBuildFile; fileRef = 958BF82C266FEFBA00FE09AC /* Assets.xcassets */; };
		958BF830266FEFBA00FE09AC /* LaunchScreen.storyboard in Resources */ = {isa = PBXBuildFile; fileRef = 958BF82E266FEFBA00FE09AC /* LaunchScreen.storyboard */; };
/* End PBXBuildFile section */

/* Begin PBXFileReference section */
		9569A44E266FFE8D00E94D86 /* PersonsListTableViewController.swift */ = {isa = PBXFileReference; lastKnownFileType = sourcecode.swift; path = PersonsListTableViewController.swift; sourceTree = "<group>"; };
		9569A4512670066300E94D86 /* Person.swift */ = {isa = PBXFileReference; lastKnownFileType = sourcecode.swift; path = Person.swift; sourceTree = "<group>"; };
		9569A4542670083A00E94D86 /* PersonsList2TableViewController.swift */ = {isa = PBXFileReference; lastKnownFileType = sourcecode.swift; path = PersonsList2TableViewController.swift; sourceTree = "<group>"; };
		9569A4592670B48000E94D86 /* AboutPersonViewController.swift */ = {isa = PBXFileReference; lastKnownFileType = sourcecode.swift; path = AboutPersonViewController.swift; sourceTree = "<group>"; };
		958BF820266FEFB900FE09AC /* ContactBook.app */ = {isa = PBXFileReference; explicitFileType = wrapper.application; includeInIndex = 0; path = ContactBook.app; sourceTree = BUILT_PRODUCTS_DIR; };
		958BF823266FEFB900FE09AC /* AppDelegate.swift */ = {isa = PBXFileReference; lastKnownFileType = sourcecode.swift; path = AppDelegate.swift; sourceTree = "<group>"; };
		958BF825266FEFB900FE09AC /* SceneDelegate.swift */ = {isa = PBXFileReference; lastKnownFileType = sourcecode.swift; path = SceneDelegate.swift; sourceTree = "<group>"; };
		958BF82A266FEFB900FE09AC /* Base */ = {isa = PBXFileReference; lastKnownFileType = file.storyboard; name = Base; path = Base.lproj/Main.storyboard; sourceTree = "<group>"; };
		958BF82C266FEFBA00FE09AC /* Assets.xcassets */ = {isa = PBXFileReference; lastKnownFileType = folder.assetcatalog; path = Assets.xcassets; sourceTree = "<group>"; };
		958BF82F266FEFBA00FE09AC /* Base */ = {isa = PBXFileReference; lastKnownFileType = file.storyboard; name = Base; path = Base.lproj/LaunchScreen.storyboard; sourceTree = "<group>"; };
		958BF831266FEFBA00FE09AC /* Info.plist */ = {isa = PBXFileReference; lastKnownFileType = text.plist.xml; path = Info.plist; sourceTree = "<group>"; };
/* End PBXFileReference section */

/* Begin PBXFrameworksBuildPhase section */
		958BF81D266FEFB900FE09AC /* Frameworks */ = {
			isa = PBXFrameworksBuildPhase;
			buildActionMask = 2147483647;
			files = (
			);
			runOnlyForDeploymentPostprocessing = 0;
		};
/* End PBXFrameworksBuildPhase section */

/* Begin PBXGroup section */
		9569A45D2670DA1800E94D86 /* Model */ = {
			isa = PBXGroup;
			children = (
				9569A4512670066300E94D86 /* Person.swift */,
			);
			path = Model;
			sourceTree = "<group>";
		};
		9569A45E2670DA3100E94D86 /* ViewControllers */ = {
			isa = PBXGroup;
			children = (
				9569A4592670B48000E94D86 /* AboutPersonViewController.swift */,
				9569A44E266FFE8D00E94D86 /* PersonsListTableViewController.swift */,
				9569A4542670083A00E94D86 /* PersonsList2TableViewController.swift */,
			);
			path = ViewControllers;
			sourceTree = "<group>";
		};
		9569A4602670DB8100E94D86 /* SupportingFiles */ = {
			isa = PBXGroup;
			children = (
				958BF823266FEFB900FE09AC /* AppDelegate.swift */,
				958BF825266FEFB900FE09AC /* SceneDelegate.swift */,
				958BF831266FEFBA00FE09AC /* Info.plist */,
			);
			path = SupportingFiles;
			sourceTree = "<group>";
		};
		9569A4622670DBAB00E94D86 /* Resources */ = {
			isa = PBXGroup;
			children = (
				958BF82C266FEFBA00FE09AC /* Assets.xcassets */,
			);
			path = Resources;
			sourceTree = "<group>";
		};
		9569A4632670DBF100E94D86 /* Storyboards */ = {
			isa = PBXGroup;
			children = (
				958BF829266FEFB900FE09AC /* Main.storyboard */,
				958BF82E266FEFBA00FE09AC /* LaunchScreen.storyboard */,
			);
			path = Storyboards;
			sourceTree = "<group>";
		};
		958BF817266FEFB900FE09AC = {
			isa = PBXGroup;
			children = (
				958BF822266FEFB900FE09AC /* ContactBook */,
				958BF821266FEFB900FE09AC /* Products */,
			);
			sourceTree = "<group>";
		};
		958BF821266FEFB900FE09AC /* Products */ = {
			isa = PBXGroup;
			children = (
				958BF820266FEFB900FE09AC /* ContactBook.app */,
			);
			name = Products;
			sourceTree = "<group>";
		};
		958BF822266FEFB900FE09AC /* ContactBook */ = {
			isa = PBXGroup;
			children = (
				9569A4632670DBF100E94D86 /* Storyboards */,
				9569A45E2670DA3100E94D86 /* ViewControllers */,
				9569A45D2670DA1800E94D86 /* Model */,
				9569A4622670DBAB00E94D86 /* Resources */,
				9569A4602670DB8100E94D86 /* SupportingFiles */,
			);
			path = ContactBook;
			sourceTree = "<group>";
		};
/* End PBXGroup section */

/* Begin PBXNativeTarget section */
		958BF81F266FEFB900FE09AC /* ContactBook */ = {
			isa = PBXNativeTarget;
			buildConfigurationList = 958BF834266FEFBA00FE09AC /* Build configuration list for PBXNativeTarget "ContactBook" */;
			buildPhases = (
				958BF81C266FEFB900FE09AC /* Sources */,
				958BF81D266FEFB900FE09AC /* Frameworks */,
				958BF81E266FEFB900FE09AC /* Resources */,
			);
			buildRules = (
			);
			dependencies = (
			);
			name = ContactBook;
			productName = ContactBook;
			productReference = 958BF820266FEFB900FE09AC /* ContactBook.app */;
			productType = "com.apple.product-type.application";
		};
/* End PBXNativeTarget section */

/* Begin PBXProject section */
		958BF818266FEFB900FE09AC /* Project object */ = {
			isa = PBXProject;
			attributes = {
				LastSwiftUpdateCheck = 1230;
				LastUpgradeCheck = 1230;
				TargetAttributes = {
					958BF81F266FEFB900FE09AC = {
						CreatedOnToolsVersion = 12.3;
					};
				};
			};
			buildConfigurationList = 958BF81B266FEFB900FE09AC /* Build configuration list for PBXProject "ContactBook" */;
			compatibilityVersion = "Xcode 9.3";
			developmentRegion = en;
			hasScannedForEncodings = 0;
			knownRegions = (
				en,
				Base,
			);
			mainGroup = 958BF817266FEFB900FE09AC;
			productRefGroup = 958BF821266FEFB900FE09AC /* Products */;
			projectDirPath = "";
			projectRoot = "";
			targets = (
				958BF81F266FEFB900FE09AC /* ContactBook */,
			);
		};
/* End PBXProject section */

/* Begin PBXResourcesBuildPhase section */
		958BF81E266FEFB900FE09AC /* Resources */ = {
			isa = PBXResourcesBuildPhase;
			buildActionMask = 2147483647;
			files = (
				958BF830266FEFBA00FE09AC /* LaunchScreen.storyboard in Resources */,
				958BF82D266FEFBA00FE09AC /* Assets.xcassets in Resources */,
				958BF82B266FEFB900FE09AC /* Main.storyboard in Resources */,
			);
			runOnlyForDeploymentPostprocessing = 0;
		};
/* End PBXResourcesBuildPhase section */

/* Begin PBXSourcesBuildPhase section */
		958BF81C266FEFB900FE09AC /* Sources */ = {
			isa = PBXSourcesBuildPhase;
			buildActionMask = 2147483647;
			files = (
				9569A4522670066300E94D86 /* Person.swift in Sources */,
				9569A44F266FFE8D00E94D86 /* PersonsListTableViewController.swift in Sources */,
				9569A4552670083A00E94D86 /* PersonsList2TableViewController.swift in Sources */,
				958BF824266FEFB900FE09AC /* AppDelegate.swift in Sources */,
				9569A45A2670B48000E94D86 /* AboutPersonViewController.swift in Sources */,
				958BF826266FEFB900FE09AC /* SceneDelegate.swift in Sources */,
			);
			runOnlyForDeploymentPostprocessing = 0;
		};
/* End PBXSourcesBuildPhase section */

/* Begin PBXVariantGroup section */
		958BF829266FEFB900FE09AC /* Main.storyboard */ = {
			isa = PBXVariantGroup;
			children = (
				958BF82A266FEFB900FE09AC /* Base */,
			);
			name = Main.storyboard;
			sourceTree = "<group>";
		};
		958BF82E266FEFBA00FE09AC /* LaunchScreen.storyboard */ = {
			isa = PBXVariantGroup;
			children = (
				958BF82F266FEFBA00FE09AC /* Base */,
			);
			name = LaunchScreen.storyboard;
			sourceTree = "<group>";
		};
/* End PBXVariantGroup section */

/* Begin XCBuildConfiguration section */
		958BF832266FEFBA00FE09AC /* Debug */ = {
			isa = XCBuildConfiguration;
			buildSettings = {
				ALWAYS_SEARCH_USER_PATHS = NO;
				CLANG_ANALYZER_NONNULL = YES;
				CLANG_ANALYZER_NUMBER_OBJECT_CONVERSION = YES_AGGRESSIVE;
				CLANG_CXX_LANGUAGE_STANDARD = "gnu++14";
				CLANG_CXX_LIBRARY = "libc++";
				CLANG_ENABLE_MODULES = YES;
				CLANG_ENABLE_OBJC_ARC = YES;
				CLANG_ENABLE_OBJC_WEAK = YES;
				CLANG_WARN_BLOCK_CAPTURE_AUTORELEASING = YES;
				CLANG_WARN_BOOL_CONVERSION = YES;
				CLANG_WARN_COMMA = YES;
				CLANG_WARN_CONSTANT_CONVERSION = YES;
				CLANG_WARN_DEPRECATED_OBJC_IMPLEMENTATIONS = YES;
				CLANG_WARN_DIRECT_OBJC_ISA_USAGE = YES_ERROR;
				CLANG_WARN_DOCUMENTATION_COMMENTS = YES;
				CLANG_WARN_EMPTY_BODY = YES;
				CLANG_WARN_ENUM_CONVERSION = YES;
				CLANG_WARN_INFINITE_RECURSION = YES;
				CLANG_WARN_INT_CONVERSION = YES;
				CLANG_WARN_NON_LITERAL_NULL_CONVERSION = YES;
				CLANG_WARN_OBJC_IMPLICIT_RETAIN_SELF = YES;
				CLANG_WARN_OBJC_LITERAL_CONVERSION = YES;
				CLANG_WARN_OBJC_ROOT_CLASS = YES_ERROR;
				CLANG_WARN_QUOTED_INCLUDE_IN_FRAMEWORK_HEADER = YES;
				CLANG_WARN_RANGE_LOOP_ANALYSIS = YES;
				CLANG_WARN_STRICT_PROTOTYPES = YES;
				CLANG_WARN_SUSPICIOUS_MOVE = YES;
				CLANG_WARN_UNGUARDED_AVAILABILITY = YES_AGGRESSIVE;
				CLANG_WARN_UNREACHABLE_CODE = YES;
				CLANG_WARN__DUPLICATE_METHOD_MATCH = YES;
				COPY_PHASE_STRIP = NO;
				DEBUG_INFORMATION_FORMAT = dwarf;
				ENABLE_STRICT_OBJC_MSGSEND = YES;
				ENABLE_TESTABILITY = YES;
				GCC_C_LANGUAGE_STANDARD = gnu11;
				GCC_DYNAMIC_NO_PIC = NO;
				GCC_NO_COMMON_BLOCKS = YES;
				GCC_OPTIMIZATION_LEVEL = 0;
				GCC_PREPROCESSOR_DEFINITIONS = (
					"DEBUG=1",
					"$(inherited)",
				);
				GCC_WARN_64_TO_32_BIT_CONVERSION = YES;
				GCC_WARN_ABOUT_RETURN_TYPE = YES_ERROR;
				GCC_WARN_UNDECLARED_SELECTOR = YES;
				GCC_WARN_UNINITIALIZED_AUTOS = YES_AGGRESSIVE;
				GCC_WARN_UNUSED_FUNCTION = YES;
				GCC_WARN_UNUSED_VARIABLE = YES;
				IPHONEOS_DEPLOYMENT_TARGET = 14.3;
				MTL_ENABLE_DEBUG_INFO = INCLUDE_SOURCE;
				MTL_FAST_MATH = YES;
				ONLY_ACTIVE_ARCH = YES;
				SDKROOT = iphoneos;
				SWIFT_ACTIVE_COMPILATION_CONDITIONS = DEBUG;
				SWIFT_OPTIMIZATION_LEVEL = "-Onone";
			};
			name = Debug;
		};
		958BF833266FEFBA00FE09AC /* Release */ = {
			isa = XCBuildConfiguration;
			buildSettings = {
				ALWAYS_SEARCH_USER_PATHS = NO;
				CLANG_ANALYZER_NONNULL = YES;
				CLANG_ANALYZER_NUMBER_OBJECT_CONVERSION = YES_AGGRESSIVE;
				CLANG_CXX_LANGUAGE_STANDARD = "gnu++14";
				CLANG_CXX_LIBRARY = "libc++";
				CLANG_ENABLE_MODULES = YES;
				CLANG_ENABLE_OBJC_ARC = YES;
				CLANG_ENABLE_OBJC_WEAK = YES;
				CLANG_WARN_BLOCK_CAPTURE_AUTORELEASING = YES;
				CLANG_WARN_BOOL_CONVERSION = YES;
				CLANG_WARN_COMMA = YES;
				CLANG_WARN_CONSTANT_CONVERSION = YES;
				CLANG_WARN_DEPRECATED_OBJC_IMPLEMENTATIONS = YES;
				CLANG_WARN_DIRECT_OBJC_ISA_USAGE = YES_ERROR;
				CLANG_WARN_DOCUMENTATION_COMMENTS = YES;
				CLANG_WARN_EMPTY_BODY = YES;
				CLANG_WARN_ENUM_CONVERSION = YES;
				CLANG_WARN_INFINITE_RECURSION = YES;
				CLANG_WARN_INT_CONVERSION = YES;
				CLANG_WARN_NON_LITERAL_NULL_CONVERSION = YES;
				CLANG_WARN_OBJC_IMPLICIT_RETAIN_SELF = YES;
				CLANG_WARN_OBJC_LITERAL_CONVERSION = YES;
				CLANG_WARN_OBJC_ROOT_CLASS = YES_ERROR;
				CLANG_WARN_QUOTED_INCLUDE_IN_FRAMEWORK_HEADER = YES;
				CLANG_WARN_RANGE_LOOP_ANALYSIS = YES;
				CLANG_WARN_STRICT_PROTOTYPES = YES;
				CLANG_WARN_SUSPICIOUS_MOVE = YES;
				CLANG_WARN_UNGUARDED_AVAILABILITY = YES_AGGRESSIVE;
				CLANG_WARN_UNREACHABLE_CODE = YES;
				CLANG_WARN__DUPLICATE_METHOD_MATCH = YES;
				COPY_PHASE_STRIP = NO;
				DEBUG_INFORMATION_FORMAT = "dwarf-with-dsym";
				ENABLE_NS_ASSERTIONS = NO;
				ENABLE_STRICT_OBJC_MSGSEND = YES;
				GCC_C_LANGUAGE_STANDARD = gnu11;
				GCC_NO_COMMON_BLOCKS = YES;
				GCC_WARN_64_TO_32_BIT_CONVERSION = YES;
				GCC_WARN_ABOUT_RETURN_TYPE = YES_ERROR;
				GCC_WARN_UNDECLARED_SELECTOR = YES;
				GCC_WARN_UNINITIALIZED_AUTOS = YES_AGGRESSIVE;
				GCC_WARN_UNUSED_FUNCTION = YES;
				GCC_WARN_UNUSED_VARIABLE = YES;
				IPHONEOS_DEPLOYMENT_TARGET = 14.3;
				MTL_ENABLE_DEBUG_INFO = NO;
				MTL_FAST_MATH = YES;
				SDKROOT = iphoneos;
				SWIFT_COMPILATION_MODE = wholemodule;
				SWIFT_OPTIMIZATION_LEVEL = "-O";
				VALIDATE_PRODUCT = YES;
			};
			name = Release;
		};
		958BF835266FEFBA00FE09AC /* Debug */ = {
			isa = XCBuildConfiguration;
			buildSettings = {
				ASSETCATALOG_COMPILER_APPICON_NAME = AppIcon;
				ASSETCATALOG_COMPILER_GLOBAL_ACCENT_COLOR_NAME = AccentColor;
				CODE_SIGN_STYLE = Automatic;
				INFOPLIST_FILE = ContactBook/SupportingFiles/Info.plist;
				LD_RUNPATH_SEARCH_PATHS = (
					"$(inherited)",
					"@executable_path/Frameworks",
				);
				PRODUCT_BUNDLE_IDENTIFIER = ru.nikolayosipov.ContactBook;
				PRODUCT_NAME = "$(TARGET_NAME)";
				SWIFT_VERSION = 5.0;
				TARGETED_DEVICE_FAMILY = "1,2";
			};
			name = Debug;
		};
		958BF836266FEFBA00FE09AC /* Release */ = {
			isa = XCBuildConfiguration;
			buildSettings = {
				ASSETCATALOG_COMPILER_APPICON_NAME = AppIcon;
				ASSETCATALOG_COMPILER_GLOBAL_ACCENT_COLOR_NAME = AccentColor;
				CODE_SIGN_STYLE = Automatic;
				INFOPLIST_FILE = ContactBook/SupportingFiles/Info.plist;
				LD_RUNPATH_SEARCH_PATHS = (
					"$(inherited)",
					"@executable_path/Frameworks",
				);
				PRODUCT_BUNDLE_IDENTIFIER = ru.nikolayosipov.ContactBook;
				PRODUCT_NAME = "$(TARGET_NAME)";
				SWIFT_VERSION = 5.0;
				TARGETED_DEVICE_FAMILY = "1,2";
			};
			name = Release;
		};
/* End XCBuildConfiguration section */

/* Begin XCConfigurationList section */
		958BF81B266FEFB900FE09AC /* Build configuration list for PBXProject "ContactBook" */ = {
			isa = XCConfigurationList;
			buildConfigurations = (
				958BF832266FEFBA00FE09AC /* Debug */,
				958BF833266FEFBA00FE09AC /* Release */,
			);
			defaultConfigurationIsVisible = 0;
			defaultConfigurationName = Release;
		};
		958BF834266FEFBA00FE09AC /* Build configuration list for PBXNativeTarget "ContactBook" */ = {
			isa = XCConfigurationList;
			buildConfigurations = (
				958BF835266FEFBA00FE09AC /* Debug */,
				958BF836266FEFBA00FE09AC /* Release */,
			);
			defaultConfigurationIsVisible = 0;
			defaultConfigurationName = Release;
		};
/* End XCConfigurationList section */
	};
	rootObject = 958BF818266FEFB900FE09AC /* Project object */;
}
